Microsoft Visual Studio Solution File, Format Version 12.00
# Visual Studio Version 17
VisualStudioVersion = 17.5.2.0
MinimumVisualStudioVersion = 10.0.40219.1
Project("{FAE04EC0-301F-11D3-BF4B-00C04F79EFBC}") = "TianMenLong.github.io", "TianMenLong.github.io.csproj", "{D8A8C08F-40AC-A69D-3B0D-2299A65647A0}"
EndProject
Global
	GlobalSection(SolutionConfigurationPlatforms) = preSolution
		Debug|Any CPU = Debug|Any CPU
		Release|Any CPU = Release|Any CPU
	EndGlobalSection
	GlobalSection(ProjectConfigurationPlatforms) = postSolution
		{D8A8C08F-40AC-A69D-3B0D-2299A65647A0}.Debug|Any CPU.ActiveCfg = Debug|Any CPU
		{D8A8C08F-40AC-A69D-3B0D-2299A65647A0}.Debug|Any CPU.Build.0 = Debug|Any CPU
		{D8A8C08F-40AC-A69D-3B0D-2299A65647A0}.Release|Any CPU.ActiveCfg = Release|Any CPU
		{D8A8C08F-40AC-A69D-3B0D-2299A65647A0}.Release|Any CPU.Build.0 = Release|Any CPU
	EndGlobalSection
	GlobalSection(SolutionProperties) = preSolution
		HideSolutionNode = FALSE
	EndGlobalSection
	GlobalSection(ExtensibilityGlobals) = postSolution
		SolutionGuid = {25B2EB88-C6DF-47EA-B19B-7E0DFBBE2D40}
	EndGlobalSection
EndGlobal
